{
  "lockfileVersion": 1,
  "dependencies": {
    "test-ci-npm-with-lerna": {
      "version": "0.1.1",
      "resolved": "https://registry.npmjs.org/test-ci-npm-with-lerna/-/test-ci-npm-with-lerna-0.1.1.tgz",
      "integrity": "sha512-sRQtic8ZHATgrtnkDb3dOmRVICcFNT3Tbtz4irmVRagPNiKryJIIxJ3l/JPd4uFACP5o6OKzg0mUPwH6y7qpkw=="
    }
  }
}
